{
  "name": "aws-cdk-project",
  "version": "0.1.0",
  "lockfileVersion": 1,
  "requires": true,
  "dependencies": {
    "@aws-cdk/assert": {
      "version": "1.118.0",
      "resolved": "https://registry.npmjs.org/@aws-cdk/assert/-/assert-1.118.0.tgz",
      "integrity": "sha512-9/bbt939ZMoAnNzDufOYn1Zs3RugB4hckXv3xNQsmuL8ywZFLAiMje3eKJIAFx4KFqC0Nl/BcLNN4vbiSV3fAQ==",
      "dev": true,
      "requires": {
        "@aws-cdk/cloudformation-diff": "1.118.0",
        "@aws-cdk/core": "1.118.0",
        "@aws-cdk/cx-api": "1.118.0",
        "constructs": "^3.3.69"
      }
    },
    "@aws-cdk/assets": {
      "version": "1.118.0",
      "resolved": "https://registry.npmjs.org/@aws-cdk/assets/-/assets-1.118.0.tgz",
      "integrity": "sha512-v8j4rTCt1tFIhbs11drJ3SSzo57VftO6/PjRCcYg3i1RmrroIiBGZxtb3VRUXS+un5GqVMEbevu3PamIghxINw==",
      "requires": {
        "@aws-cdk/core": "1.118.0",
        "@aws-cdk/cx-api": "1.118.0",
        "constructs": "^3.3.69"
      }
    },
    "@aws-cdk/aws-apigateway": {
      "version": "1.118.0",
      "resolved": "https://registry.npmjs.org/@aws-cdk/aws-apigateway/-/aws-apigateway-1.118.0.tgz",
      "integrity": "sha512-x6EPTg6qP9vhdiIOgFpOwHzGyXRK9lzO/RtnYgFLiirOnsnezMjD05mXCNjSpP+v8PNjPTp473UZ8c9enRwxPg==",
      "requires": {
        "@aws-cdk/aws-certificatemanager": "1.118.0",
        "@aws-cdk/aws-cloudwatch": "1.118.0",
        "@aws-cdk/aws-cognito": "1.118.0",
        "@aws-cdk/aws-ec2": "1.118.0",
        "@aws-cdk/aws-elasticloadbalancingv2": "1.118.0",
        "@aws-cdk/aws-iam": "1.118.0",
        "@aws-cdk/aws-lambda": "1.118.0",
        "@aws-cdk/aws-logs": "1.118.0",
        "@aws-cdk/aws-s3": "1.118.0",
        "@aws-cdk/aws-s3-assets": "1.118.0",
        "@aws-cdk/core": "1.118.0",
        "@aws-cdk/cx-api": "1.118.0",
        "constructs": "^3.3.69"
      }
    },
    "@aws-cdk/aws-applicationautoscaling": {
      "version": "1.118.0",
      "resolved": "https://registry.npmjs.org/@aws-cdk/aws-applicationautoscaling/-/aws-applicationautoscaling-1.118.0.tgz",
      "integrity": "sha512-ltaQHzLzhozT8IE0VLfzVdui1zWJpr5aBNZWKTiXldiHL174YrOMm6GZYvuFl3SdS7YYD4iUQEl9P9ElkxSJwA==",
      "requires": {
        "@aws-cdk/aws-autoscaling-common": "1.118.0",
        "@aws-cdk/aws-cloudwatch": "1.118.0",
        "@aws-cdk/aws-iam": "1.118.0",
        "@aws-cdk/core": "1.118.0",
        "constructs": "^3.3.69"
      }
    },
    "@aws-cdk/aws-autoscaling": {
      "version": "1.118.0",
      "resolved": "https://registry.npmjs.org/@aws-cdk/aws-autoscaling/-/aws-autoscaling-1.118.0.tgz",
      "integrity": "sha512-hELIqHFa+xv2njDn8LaN0l86mhs+mpsurwJTyjwSU3dh38099ggYai4ngYsx4Xy9BX7sm1E/gXfsM3dbKt6a8Q==",
      "requires": {
        "@aws-cdk/aws-autoscaling-common": "1.118.0",
        "@aws-cdk/aws-cloudwatch": "1.118.0",
        "@aws-cdk/aws-ec2": "1.118.0",
        "@aws-cdk/aws-elasticloadbalancing": "1.118.0",
        "@aws-cdk/aws-elasticloadbalancingv2": "1.118.0",
        "@aws-cdk/aws-iam": "1.118.0",
        "@aws-cdk/aws-sns": "1.118.0",
        "@aws-cdk/core": "1.118.0",
        "constructs": "^3.3.69"
      }
    },
    "@aws-cdk/aws-autoscaling-common": {
      "version": "1.118.0",
      "resolved": "https://registry.npmjs.org/@aws-cdk/aws-autoscaling-common/-/aws-autoscaling-common-1.118.0.tgz",
      "integrity": "sha512-2mtoj4g7B3/6nYecjRk/qgvkdfhkDy4VMb7OLa6cJCwCEMwbGvJx3y6bLOcmWhX6JGwXmuKSVycxksXpdsS7Zg==",
      "requires": {
        "@aws-cdk/aws-iam": "1.118.0",
        "@aws-cdk/core": "1.118.0",
        "constructs": "^3.3.69"
      }
    },
    "@aws-cdk/aws-autoscaling-hooktargets": {
      "version": "1.118.0",
      "resolved": "https://registry.npmjs.org/@aws-cdk/aws-autoscaling-hooktargets/-/aws-autoscaling-hooktargets-1.118.0.tgz",
      "integrity": "sha512-wcU3/XjCyrCclPEF0D58hWYvScxB5O+i+8EZxRz9/HumzNaITWQz+rgwgD0y7sUrH3Zwvh+HA9+sEkSo5nrTIg==",
      "requires": {
        "@aws-cdk/aws-autoscaling": "1.118.0",
        "@aws-cdk/aws-iam": "1.118.0",
        "@aws-cdk/aws-kms": "1.118.0",
        "@aws-cdk/aws-lambda": "1.118.0",
        "@aws-cdk/aws-sns": "1.118.0",
        "@aws-cdk/aws-sns-subscriptions": "1.118.0",
        "@aws-cdk/aws-sqs": "1.118.0",
        "@aws-cdk/core": "1.118.0",
        "constructs": "^3.3.69"
      }
    },
    "@aws-cdk/aws-certificatemanager": {
      "version": "1.118.0",
      "resolved": "https://registry.npmjs.org/@aws-cdk/aws-certificatemanager/-/aws-certificatemanager-1.118.0.tgz",
      "integrity": "sha512-WjJnOWG6LgPgpdWeet9vmIOB+ycLFs+vxb77nkC63xlq9hbWZml/UE6/QBU4sV2p3JMV6P3kn6LWk1OLVYo4Qg==",
      "requires": {
        "@aws-cdk/aws-cloudwatch": "1.118.0",
        "@aws-cdk/aws-iam": "1.118.0",
        "@aws-cdk/aws-lambda": "1.118.0",
        "@aws-cdk/aws-route53": "1.118.0",
        "@aws-cdk/core": "1.118.0",
        "constructs": "^3.3.69"
      }
    },
    "@aws-cdk/aws-cloudformation": {
      "version": "1.118.0",
      "resolved": "https://registry.npmjs.org/@aws-cdk/aws-cloudformation/-/aws-cloudformation-1.118.0.tgz",
      "integrity": "sha512-O2mACRUbGY3+pgbzbSa0OwTFdqTk/SqOwu9tZhKL0l8lSTkELc2YTMUCYsbkQFJD34sY1khbT6uJ5rA9udjQGA==",
      "requires": {
        "@aws-cdk/aws-iam": "1.118.0",
        "@aws-cdk/aws-lambda": "1.118.0",
        "@aws-cdk/aws-s3": "1.118.0",
        "@aws-cdk/aws-sns": "1.118.0",
        "@aws-cdk/core": "1.118.0",
        "@aws-cdk/cx-api": "1.118.0",
        "constructs": "^3.3.69"
      }
    },
    "@aws-cdk/aws-cloudfront": {
      "version": "1.118.0",
      "resolved": "https://registry.npmjs.org/@aws-cdk/aws-cloudfront/-/aws-cloudfront-1.118.0.tgz",
      "integrity": "sha512-1P3lDEThAeiFmFJWl5oAFmlOlTqDRd4EsZfKAQw+xZi+QiS59KOpeCNadTYMd/Y+VZNRoxSxsMozV9kBVIwCIA==",
      "requires": {
        "@aws-cdk/aws-certificatemanager": "1.118.0",
        "@aws-cdk/aws-cloudwatch": "1.118.0",
        "@aws-cdk/aws-ec2": "1.118.0",
        "@aws-cdk/aws-iam": "1.118.0",
        "@aws-cdk/aws-kms": "1.118.0",
        "@aws-cdk/aws-lambda": "1.118.0",
        "@aws-cdk/aws-s3": "1.118.0",
        "@aws-cdk/aws-ssm": "1.118.0",
        "@aws-cdk/core": "1.118.0",
        "@aws-cdk/cx-api": "1.118.0",
        "constructs": "^3.3.69"
      }
    },
    "@aws-cdk/aws-cloudwatch": {
      "version": "1.118.0",
      "resolved": "https://registry.npmjs.org/@aws-cdk/aws-cloudwatch/-/aws-cloudwatch-1.118.0.tgz",
      "integrity": "sha512-VyrhQTVN0oEpjqs6SNvf/UzvQGWlDwJVyH8NGf6sFhtWMtgryHdTvM4UKp5o+a4DRicZjoAfZgG8VOqytcEMVg==",
      "requires": {
        "@aws-cdk/aws-iam": "1.118.0",
        "@aws-cdk/core": "1.118.0",
        "constructs": "^3.3.69"
      }
    },
    "@aws-cdk/aws-codebuild": {
      "version": "1.118.0",
      "resolved": "https://registry.npmjs.org/@aws-cdk/aws-codebuild/-/aws-codebuild-1.118.0.tgz",
      "integrity": "sha512-UWM+jg5TBx4Iv/pGmsPvCj7k3H5iRrfxydqzIt/wIqjKPLGgEcpMWySCZOst8P4T2rfM7wORqJV016CNybsHRA==",
      "requires": {
        "@aws-cdk/aws-cloudwatch": "1.118.0",
        "@aws-cdk/aws-codecommit": "1.118.0",
        "@aws-cdk/aws-codestarnotifications": "1.118.0",
        "@aws-cdk/aws-ec2": "1.118.0",
        "@aws-cdk/aws-ecr": "1.118.0",
        "@aws-cdk/aws-ecr-assets": "1.118.0",
        "@aws-cdk/aws-events": "1.118.0",
        "@aws-cdk/aws-iam": "1.118.0",
        "@aws-cdk/aws-kms": "1.118.0",
        "@aws-cdk/aws-logs": "1.118.0",
        "@aws-cdk/aws-s3": "1.118.0",
        "@aws-cdk/aws-s3-assets": "1.118.0",
        "@aws-cdk/aws-secretsmanager": "1.118.0",
        "@aws-cdk/core": "1.118.0",
        "@aws-cdk/region-info": "1.118.0",
        "constructs": "^3.3.69",
        "yaml": "1.10.2"
      },
      "dependencies": {
        "yaml": {
          "version": "1.10.2",
          "bundled": true
        }
      }
    },
    "@aws-cdk/aws-codecommit": {
      "version": "1.118.0",
      "resolved": "https://registry.npmjs.org/@aws-cdk/aws-codecommit/-/aws-codecommit-1.118.0.tgz",
      "integrity": "sha512-Zg08LL8/mlyDV6GB8eKyRy9dUwEbgA48HPQ7vd5w+HNNxPzRYGRoDqlS7vT/7fagaYjJ1G/+6AXGBKHQWeXxsw==",
      "requires": {
        "@aws-cdk/aws-events": "1.118.0",
        "@aws-cdk/aws-iam": "1.118.0",
        "@aws-cdk/core": "1.118.0",
        "constructs": "^3.3.69"
      }
    },
    "@aws-cdk/aws-codeguruprofiler": {
      "version": "1.118.0",
      "resolved": "https://registry.npmjs.org/@aws-cdk/aws-codeguruprofiler/-/aws-codeguruprofiler-1.118.0.tgz",
      "integrity": "sha512-bcq7f2n4ffIhYEjF02OhVqqmrdxTfZs/PsN68lMvd7my/cek9u0OcvY0l67VHwc9tnOYblUHCkaKGzyKfQou5A==",
      "requires": {
        "@aws-cdk/aws-iam": "1.118.0",
        "@aws-cdk/core": "1.118.0",
        "constructs": "^3.3.69"
      }
    },
    "@aws-cdk/aws-codepipeline": {
      "version": "1.118.0",
      "resolved": "https://registry.npmjs.org/@aws-cdk/aws-codepipeline/-/aws-codepipeline-1.118.0.tgz",
      "integrity": "sha512-n+F8FBUKqGbvZ07fxTWhfcWrHzw245uuHOROHacNYHTBbRBxbdKJnn/hWEtrq5EyXRgdHcXEN1Nqo1glH6HT3g==",
      "requires": {
        "@aws-cdk/aws-codestarnotifications": "1.118.0",
        "@aws-cdk/aws-events": "1.118.0",
        "@aws-cdk/aws-iam": "1.118.0",
        "@aws-cdk/aws-kms": "1.118.0",
        "@aws-cdk/aws-s3": "1.118.0",
        "@aws-cdk/core": "1.118.0",
        "constructs": "^3.3.69"
      }
    },
    "@aws-cdk/aws-codestarnotifications": {
      "version": "1.118.0",
      "resolved": "https://registry.npmjs.org/@aws-cdk/aws-codestarnotifications/-/aws-codestarnotifications-1.118.0.tgz",
      "integrity": "sha512-zKgVbpcAemCHNAGfuZh+HP18cPOfREowFlZMHQ+/RO7Rk2mG23N7iqdH2X+B/SQxUZ1gQ7AsDNvO8qeWmE4kXw==",
      "requires": {
        "@aws-cdk/core": "1.118.0",
        "constructs": "^3.3.69"
      }
    },
    "@aws-cdk/aws-cognito": {
      "version": "1.118.0",
      "resolved": "https://registry.npmjs.org/@aws-cdk/aws-cognito/-/aws-cognito-1.118.0.tgz",
      "integrity": "sha512-qL7a8eudOXQ0+IqP33FFlXCvlUr1JTMCS581ZY+9/6bv4jyp8zwdsM+aWaENQg9jLdAEonD+KW8fXQbU9BTIVg==",
      "requires": {
        "@aws-cdk/aws-certificatemanager": "1.118.0",
        "@aws-cdk/aws-iam": "1.118.0",
        "@aws-cdk/aws-lambda": "1.118.0",
        "@aws-cdk/core": "1.118.0",
        "@aws-cdk/custom-resources": "1.118.0",
        "constructs": "^3.3.69",
        "punycode": "^2.1.1"
      },
      "dependencies": {
        "punycode": {
          "version": "2.1.1",
          "bundled": true
        }
      }
    },
    "@aws-cdk/aws-ec2": {
      "version": "1.118.0",
      "resolved": "https://registry.npmjs.org/@aws-cdk/aws-ec2/-/aws-ec2-1.118.0.tgz",
      "integrity": "sha512-0QMvYZFZFPmOi2OipMzpuYbKZtli7H15p+kZtHu2p/q9c5+GVPLRoHd0DjEf52sX8pAlkWgzht+4J5myh/Xhmw==",
      "requires": {
        "@aws-cdk/aws-cloudwatch": "1.118.0",
        "@aws-cdk/aws-iam": "1.118.0",
        "@aws-cdk/aws-kms": "1.118.0",
        "@aws-cdk/aws-logs": "1.118.0",
        "@aws-cdk/aws-s3": "1.118.0",
        "@aws-cdk/aws-s3-assets": "1.118.0",
        "@aws-cdk/aws-ssm": "1.118.0",
        "@aws-cdk/cloud-assembly-schema": "1.118.0",
        "@aws-cdk/core": "1.118.0",
        "@aws-cdk/cx-api": "1.118.0",
        "@aws-cdk/region-info": "1.118.0",
        "constructs": "^3.3.69"
      }
    },
    "@aws-cdk/aws-ecr": {
      "version": "1.118.0",
      "resolved": "https://registry.npmjs.org/@aws-cdk/aws-ecr/-/aws-ecr-1.118.0.tgz",
      "integrity": "sha512-pxQ3vYG+mgB7v8luAxaWmZcy9marWvhWctzbPIwVUKlBly4I3ZL4PGUrx9sdjvDa/FQrBCMdoY8V6ZjDjDN5Dw==",
      "requires": {
        "@aws-cdk/aws-events": "1.118.0",
        "@aws-cdk/aws-iam": "1.118.0",
        "@aws-cdk/core": "1.118.0",
        "constructs": "^3.3.69"
      }
    },
    "@aws-cdk/aws-ecr-assets": {
      "version": "1.118.0",
      "resolved": "https://registry.npmjs.org/@aws-cdk/aws-ecr-assets/-/aws-ecr-assets-1.118.0.tgz",
      "integrity": "sha512-2d4CGrduSnSdHJ1QzNYwt82jMBOr7ZbqbedMEsNHWoJAFG26Wi3t4k7Jx+mWUoy4VnvQwq4BlKYI1UrVdQf5/w==",
      "requires": {
        "@aws-cdk/assets": "1.118.0",
        "@aws-cdk/aws-ecr": "1.118.0",
        "@aws-cdk/aws-iam": "1.118.0",
        "@aws-cdk/aws-s3": "1.118.0",
        "@aws-cdk/core": "1.118.0",
        "@aws-cdk/cx-api": "1.118.0",
        "constructs": "^3.3.69",
        "minimatch": "^3.0.4"
      },
      "dependencies": {
        "balanced-match": {
          "version": "1.0.2",
          "bundled": true
        },
        "brace-expansion": {
          "version": "1.1.11",
          "bundled": true,
          "requires": {
            "balanced-match": "^1.0.0",
            "concat-map": "0.0.1"
          }
        },
        "concat-map": {
          "version": "0.0.1",
          "bundled": true
        },
        "minimatch": {
          "version": "3.0.4",
          "bundled": true,
          "requires": {
            "brace-expansion": "^1.1.7"
          }
        }
      }
    },
    "@aws-cdk/aws-ecs": {
      "version": "1.118.0",
      "resolved": "https://registry.npmjs.org/@aws-cdk/aws-ecs/-/aws-ecs-1.118.0.tgz",
      "integrity": "sha512-TN/dB9EDXrgvsR7QaW17VFGJ036UjJFueg2OHjWn1pRgHU1ul6jRe0tXfyQiLaTjxmWWInnsIN6t+Y2FTrw0WQ==",
      "requires": {
        "@aws-cdk/aws-applicationautoscaling": "1.118.0",
        "@aws-cdk/aws-autoscaling": "1.118.0",
        "@aws-cdk/aws-autoscaling-hooktargets": "1.118.0",
        "@aws-cdk/aws-certificatemanager": "1.118.0",
        "@aws-cdk/aws-cloudwatch": "1.118.0",
        "@aws-cdk/aws-ec2": "1.118.0",
        "@aws-cdk/aws-ecr": "1.118.0",
        "@aws-cdk/aws-ecr-assets": "1.118.0",
        "@aws-cdk/aws-elasticloadbalancing": "1.118.0",
        "@aws-cdk/aws-elasticloadbalancingv2": "1.118.0",
        "@aws-cdk/aws-iam": "1.118.0",
        "@aws-cdk/aws-kms": "1.118.0",
        "@aws-cdk/aws-lambda": "1.118.0",
        "@aws-cdk/aws-logs": "1.118.0",
        "@aws-cdk/aws-route53": "1.118.0",
        "@aws-cdk/aws-route53-targets": "1.118.0",
        "@aws-cdk/aws-s3": "1.118.0",
        "@aws-cdk/aws-s3-assets": "1.118.0",
        "@aws-cdk/aws-secretsmanager": "1.118.0",
        "@aws-cdk/aws-servicediscovery": "1.118.0",
        "@aws-cdk/aws-sns": "1.118.0",
        "@aws-cdk/aws-sqs": "1.118.0",
        "@aws-cdk/aws-ssm": "1.118.0",
        "@aws-cdk/core": "1.118.0",
        "@aws-cdk/cx-api": "1.118.0",
        "constructs": "^3.3.69"
      }
    },
    "@aws-cdk/aws-ecs-patterns": {
      "version": "1.118.0",
      "resolved": "https://registry.npmjs.org/@aws-cdk/aws-ecs-patterns/-/aws-ecs-patterns-1.118.0.tgz",
      "integrity": "sha512-FCXY9Y07rmlL1v4+3V2eecAubb5y78S0FUgHMWce8JLo4TdAQ3QYOxUbjyT0VCniBeQdYCPbszXQD/OHqFRmPg==",
      "requires": {
        "@aws-cdk/aws-applicationautoscaling": "1.118.0",
        "@aws-cdk/aws-certificatemanager": "1.118.0",
        "@aws-cdk/aws-ec2": "1.118.0",
        "@aws-cdk/aws-ecs": "1.118.0",
        "@aws-cdk/aws-elasticloadbalancingv2": "1.118.0",
        "@aws-cdk/aws-events": "1.118.0",
        "@aws-cdk/aws-events-targets": "1.118.0",
        "@aws-cdk/aws-iam": "1.118.0",
        "@aws-cdk/aws-route53": "1.118.0",
        "@aws-cdk/aws-route53-targets": "1.118.0",
        "@aws-cdk/aws-servicediscovery": "1.118.0",
        "@aws-cdk/aws-sqs": "1.118.0",
        "@aws-cdk/core": "1.118.0",
        "@aws-cdk/cx-api": "1.118.0",
        "constructs": "^3.3.69"
      }
    },
    "@aws-cdk/aws-efs": {
      "version": "1.118.0",
      "resolved": "https://registry.npmjs.org/@aws-cdk/aws-efs/-/aws-efs-1.118.0.tgz",
      "integrity": "sha512-ej+Z8LkwS8bAkv4GhhnbJ4s9WD7bt8OjQx300cbV4cPM+IOJviFkt4RJXp6/jbLF6iq1KxT6m+8CNQVoRqsu4Q==",
      "requires": {
        "@aws-cdk/aws-ec2": "1.118.0",
        "@aws-cdk/aws-iam": "1.118.0",
        "@aws-cdk/aws-kms": "1.118.0",
        "@aws-cdk/cloud-assembly-schema": "1.118.0",
        "@aws-cdk/core": "1.118.0",
        "@aws-cdk/cx-api": "1.118.0",
        "constructs": "^3.3.69"
      }
    },
    "@aws-cdk/aws-elasticloadbalancing": {
      "version": "1.118.0",
      "resolved": "https://registry.npmjs.org/@aws-cdk/aws-elasticloadbalancing/-/aws-elasticloadbalancing-1.118.0.tgz",
      "integrity": "sha512-DX1OoE6y2tidLOc8b0R4H8aU7RVlZD+1kuYvCwyUx5vWyhWywe/mtO0Pggsns5TO38Cs0LY3urnSlRf8snBkAw==",
      "requires": {
        "@aws-cdk/aws-ec2": "1.118.0",
        "@aws-cdk/core": "1.118.0",
        "constructs": "^3.3.69"
      }
    },
    "@aws-cdk/aws-elasticloadbalancingv2": {
      "version": "1.118.0",
      "resolved": "https://registry.npmjs.org/@aws-cdk/aws-elasticloadbalancingv2/-/aws-elasticloadbalancingv2-1.118.0.tgz",
      "integrity": "sha512-TmXeY4aZIAzVjBzKKnyuuqf/JwdavJWOIDKxhd2JTXqKkSspO5h6eE0IJPWmTg5AKtiGUdpHu9hhjgFCYQYxRg==",
      "requires": {
        "@aws-cdk/aws-certificatemanager": "1.118.0",
        "@aws-cdk/aws-cloudwatch": "1.118.0",
        "@aws-cdk/aws-ec2": "1.118.0",
        "@aws-cdk/aws-iam": "1.118.0",
        "@aws-cdk/aws-lambda": "1.118.0",
        "@aws-cdk/aws-s3": "1.118.0",
        "@aws-cdk/cloud-assembly-schema": "1.118.0",
        "@aws-cdk/core": "1.118.0",
        "@aws-cdk/cx-api": "1.118.0",
        "@aws-cdk/region-info": "1.118.0",
        "constructs": "^3.3.69"
      }
    },
    "@aws-cdk/aws-events": {
      "version": "1.118.0",
      "resolved": "https://registry.npmjs.org/@aws-cdk/aws-events/-/aws-events-1.118.0.tgz",
      "integrity": "sha512-4/D4+BAYRXFBQ1XIHwDGf2Yn27lLTNeK/K57HGYZRiTEDqthwIPQP+bvUV3jJ246Yd6QUKYWbUMN0xbq6EkLHQ==",
      "requires": {
        "@aws-cdk/aws-iam": "1.118.0",
        "@aws-cdk/core": "1.118.0",
        "constructs": "^3.3.69"
      }
    },
    "@aws-cdk/aws-events-targets": {
      "version": "1.118.0",
      "resolved": "https://registry.npmjs.org/@aws-cdk/aws-events-targets/-/aws-events-targets-1.118.0.tgz",
      "integrity": "sha512-2cKieRgGWLOCXVZr5ZBpaIQKpoiTvVgmt6amXaweCkFC4Po4F2HerE4NpWNnU13zzmdG0DZvtOI+vdCZPBWOdg==",
      "requires": {
        "@aws-cdk/aws-apigateway": "1.118.0",
        "@aws-cdk/aws-codebuild": "1.118.0",
        "@aws-cdk/aws-codepipeline": "1.118.0",
        "@aws-cdk/aws-ec2": "1.118.0",
        "@aws-cdk/aws-ecs": "1.118.0",
        "@aws-cdk/aws-events": "1.118.0",
        "@aws-cdk/aws-iam": "1.118.0",
        "@aws-cdk/aws-kinesis": "1.118.0",
        "@aws-cdk/aws-kinesisfirehose": "1.118.0",
        "@aws-cdk/aws-kms": "1.118.0",
        "@aws-cdk/aws-lambda": "1.118.0",
        "@aws-cdk/aws-logs": "1.118.0",
        "@aws-cdk/aws-sns": "1.118.0",
        "@aws-cdk/aws-sns-subscriptions": "1.118.0",
        "@aws-cdk/aws-sqs": "1.118.0",
        "@aws-cdk/aws-stepfunctions": "1.118.0",
        "@aws-cdk/core": "1.118.0",
        "@aws-cdk/custom-resources": "1.118.0",
        "constructs": "^3.3.69"
      }
    },
    "@aws-cdk/aws-globalaccelerator": {
      "version": "1.118.0",
      "resolved": "https://registry.npmjs.org/@aws-cdk/aws-globalaccelerator/-/aws-globalaccelerator-1.118.0.tgz",
      "integrity": "sha512-rw5b83J0szUtyIUn+TpURFEUjksXO6M1ULjpsZ9SXWN/5Pf2bOnV1LzJr8qoVz2oadLLg57FQtFtU6ZjPdyqaw==",
      "requires": {
        "@aws-cdk/aws-ec2": "1.118.0",
        "@aws-cdk/core": "1.118.0",
        "@aws-cdk/custom-resources": "1.118.0",
        "constructs": "^3.3.69"
      }
    },
    "@aws-cdk/aws-iam": {
      "version": "1.118.0",
      "resolved": "https://registry.npmjs.org/@aws-cdk/aws-iam/-/aws-iam-1.118.0.tgz",
      "integrity": "sha512-1AhnGWclYnZmuO/A5EY37atd/xYssC0EB/wzxQz/nwsSoKIKguTmNoK7ZWY/b2UJyqWFSSQII7DCVDT3P583jQ==",
      "requires": {
        "@aws-cdk/core": "1.118.0",
        "@aws-cdk/region-info": "1.118.0",
        "constructs": "^3.3.69"
      }
    },
    "@aws-cdk/aws-kinesis": {
      "version": "1.118.0",
      "resolved": "https://registry.npmjs.org/@aws-cdk/aws-kinesis/-/aws-kinesis-1.118.0.tgz",
      "integrity": "sha512-een/6skCnLMBSmp0/HNss5LkqQzaNYJGlUrPdwW+jMFWs9MjAB5S8N9a3I2T+hvRfS/pBDLWp3aA8EB6SVxgYQ==",
      "requires": {
        "@aws-cdk/aws-cloudwatch": "1.118.0",
        "@aws-cdk/aws-iam": "1.118.0",
        "@aws-cdk/aws-kms": "1.118.0",
        "@aws-cdk/aws-logs": "1.118.0",
        "@aws-cdk/core": "1.118.0",
        "constructs": "^3.3.69"
      }
    },
    "@aws-cdk/aws-kinesisfirehose": {
      "version": "1.118.0",
      "resolved": "https://registry.npmjs.org/@aws-cdk/aws-kinesisfirehose/-/aws-kinesisfirehose-1.118.0.tgz",
      "integrity": "sha512-qqyhFvKteeydfMeLKtfmegadcEkYPi2o2zOMutjXBnDdBz4FV/JIICKHybiSOqKpgwVs81/HMZ9eoOjR3/Fatw==",
      "requires": {
        "@aws-cdk/aws-cloudwatch": "1.118.0",
        "@aws-cdk/aws-ec2": "1.118.0",
        "@aws-cdk/aws-iam": "1.118.0",
        "@aws-cdk/aws-kinesis": "1.118.0",
        "@aws-cdk/aws-kms": "1.118.0",
        "@aws-cdk/aws-lambda": "1.118.0",
        "@aws-cdk/aws-logs": "1.118.0",
        "@aws-cdk/aws-s3": "1.118.0",
        "@aws-cdk/core": "1.118.0",
        "@aws-cdk/region-info": "1.118.0",
        "constructs": "^3.3.69"
      }
    },
    "@aws-cdk/aws-kms": {
      "version": "1.118.0",
      "resolved": "https://registry.npmjs.org/@aws-cdk/aws-kms/-/aws-kms-1.118.0.tgz",
      "integrity": "sha512-BrtkooxyKUDCQPPI8uheS/RYgBGNB6Dtoneky7DviotMcgLBgl7emHzi9K6H4p/ZjQqTpRqY0KGjximmS1BMjw==",
      "requires": {
        "@aws-cdk/aws-iam": "1.118.0",
        "@aws-cdk/core": "1.118.0",
        "@aws-cdk/cx-api": "1.118.0",
        "constructs": "^3.3.69"
      }
    },
    "@aws-cdk/aws-lambda": {
      "version": "1.118.0",
      "resolved": "https://registry.npmjs.org/@aws-cdk/aws-lambda/-/aws-lambda-1.118.0.tgz",
      "integrity": "sha512-OfxFdRG3wVFSWfCktc0oHx7CnVOG+HUvA6QStrMWnlEBHE8aRR6zFSUK11CbuDe8/bLrJqs9N5QvOLWk7j2kRA==",
      "requires": {
        "@aws-cdk/aws-applicationautoscaling": "1.118.0",
        "@aws-cdk/aws-cloudwatch": "1.118.0",
        "@aws-cdk/aws-codeguruprofiler": "1.118.0",
        "@aws-cdk/aws-ec2": "1.118.0",
        "@aws-cdk/aws-ecr": "1.118.0",
        "@aws-cdk/aws-ecr-assets": "1.118.0",
        "@aws-cdk/aws-efs": "1.118.0",
        "@aws-cdk/aws-events": "1.118.0",
        "@aws-cdk/aws-iam": "1.118.0",
        "@aws-cdk/aws-kms": "1.118.0",
        "@aws-cdk/aws-logs": "1.118.0",
        "@aws-cdk/aws-s3": "1.118.0",
        "@aws-cdk/aws-s3-assets": "1.118.0",
        "@aws-cdk/aws-signer": "1.118.0",
        "@aws-cdk/aws-sqs": "1.118.0",
        "@aws-cdk/core": "1.118.0",
        "@aws-cdk/cx-api": "1.118.0",
        "@aws-cdk/region-info": "1.118.0",
        "constructs": "^3.3.69"
      }
    },
    "@aws-cdk/aws-logs": {
      "version": "1.118.0",
      "resolved": "https://registry.npmjs.org/@aws-cdk/aws-logs/-/aws-logs-1.118.0.tgz",
      "integrity": "sha512-lkmL49Z+p0uv2dSJvOoOteW917G/rq3AdG8DSG9uNu5A4YJBRhNZLmdddtCkwt6agS6/06k+NKt07qrro3vLZw==",
      "requires": {
        "@aws-cdk/aws-cloudwatch": "1.118.0",
        "@aws-cdk/aws-iam": "1.118.0",
        "@aws-cdk/aws-kms": "1.118.0",
        "@aws-cdk/aws-s3-assets": "1.118.0",
        "@aws-cdk/core": "1.118.0",
        "constructs": "^3.3.69"
      }
    },
    "@aws-cdk/aws-route53": {
      "version": "1.118.0",
      "resolved": "https://registry.npmjs.org/@aws-cdk/aws-route53/-/aws-route53-1.118.0.tgz",
      "integrity": "sha512-TvqmzP8PmsMhFNg+TGBbiW/t5gk6ftQLn2bSGWsPyDEjJw8nu1uh/GX0J1UuxXQiLTuMv3w6xezru+wXsOlb0g==",
      "requires": {
        "@aws-cdk/aws-ec2": "1.118.0",
        "@aws-cdk/aws-iam": "1.118.0",
        "@aws-cdk/aws-logs": "1.118.0",
        "@aws-cdk/cloud-assembly-schema": "1.118.0",
        "@aws-cdk/core": "1.118.0",
        "@aws-cdk/custom-resources": "1.118.0",
        "constructs": "^3.3.69"
      }
    },
    "@aws-cdk/aws-route53-targets": {
      "version": "1.118.0",
      "resolved": "https://registry.npmjs.org/@aws-cdk/aws-route53-targets/-/aws-route53-targets-1.118.0.tgz",
      "integrity": "sha512-hWX9IBosIFtn7mRe/6tEtS4NiaT7QZGZiH8TFGSSv0ly+8NxPKzxxkaT/zyA+yzwPEEhJ79TzwwgVLlI1uhpAg==",
      "requires": {
        "@aws-cdk/aws-apigateway": "1.118.0",
        "@aws-cdk/aws-cloudfront": "1.118.0",
        "@aws-cdk/aws-cognito": "1.118.0",
        "@aws-cdk/aws-ec2": "1.118.0",
        "@aws-cdk/aws-elasticloadbalancing": "1.118.0",
        "@aws-cdk/aws-elasticloadbalancingv2": "1.118.0",
        "@aws-cdk/aws-globalaccelerator": "1.118.0",
        "@aws-cdk/aws-iam": "1.118.0",
        "@aws-cdk/aws-route53": "1.118.0",
        "@aws-cdk/aws-s3": "1.118.0",
        "@aws-cdk/core": "1.118.0",
        "@aws-cdk/region-info": "1.118.0",
        "constructs": "^3.3.69"
      }
    },
    "@aws-cdk/aws-s3": {
      "version": "1.118.0",
      "resolved": "https://registry.npmjs.org/@aws-cdk/aws-s3/-/aws-s3-1.118.0.tgz",
      "integrity": "sha512-fjhqb+d0uCsJtByKRFU/If2mg3qTqEfKfbamhDfmPyeDGxUoaJnAh5CNv1cSE5otdOeQGKozhCqlK45eK2FrPg==",
      "requires": {
        "@aws-cdk/aws-events": "1.118.0",
        "@aws-cdk/aws-iam": "1.118.0",
        "@aws-cdk/aws-kms": "1.118.0",
        "@aws-cdk/core": "1.118.0",
        "@aws-cdk/cx-api": "1.118.0",
        "constructs": "^3.3.69"
      }
    },
    "@aws-cdk/aws-s3-assets": {
      "version": "1.118.0",
      "resolved": "https://registry.npmjs.org/@aws-cdk/aws-s3-assets/-/aws-s3-assets-1.118.0.tgz",
      "integrity": "sha512-E4Oa5YEsusZBSzdnFtHNeJbGALCvMxfm1tBVxqYhvt6+e61eCc12m3fsCkwwaye1fGTQmYaTr1l4Ft9/psXnPQ==",
      "requires": {
        "@aws-cdk/assets": "1.118.0",
        "@aws-cdk/aws-iam": "1.118.0",
        "@aws-cdk/aws-kms": "1.118.0",
        "@aws-cdk/aws-s3": "1.118.0",
        "@aws-cdk/core": "1.118.0",
        "@aws-cdk/cx-api": "1.118.0",
        "constructs": "^3.3.69"
      }
    },
    "@aws-cdk/aws-sam": {
      "version": "1.118.0",
      "resolved": "https://registry.npmjs.org/@aws-cdk/aws-sam/-/aws-sam-1.118.0.tgz",
      "integrity": "sha512-orpfKrJcuLbnUWG9h49r77FH1HYVVmjnW1aqox/mVUYfNsWA0aS8ELPSN/cB43IKEYA97o1m9fkIXonr4XIolA==",
      "requires": {
        "@aws-cdk/core": "1.118.0",
        "constructs": "^3.3.69"
      }
    },
    "@aws-cdk/aws-secretsmanager": {
      "version": "1.118.0",
      "resolved": "https://registry.npmjs.org/@aws-cdk/aws-secretsmanager/-/aws-secretsmanager-1.118.0.tgz",
      "integrity": "sha512-QBr/1aj30OlApiYbZ+SypBshx/jWixOcOC0eNdhGuNot1YuvpOSPAAnvbS/EbtNpkkiw14+hKWo8im4/564Hmg==",
      "requires": {
        "@aws-cdk/aws-ec2": "1.118.0",
        "@aws-cdk/aws-iam": "1.118.0",
        "@aws-cdk/aws-kms": "1.118.0",
        "@aws-cdk/aws-lambda": "1.118.0",
        "@aws-cdk/aws-sam": "1.118.0",
        "@aws-cdk/core": "1.118.0",
        "@aws-cdk/cx-api": "1.118.0",
        "constructs": "^3.3.69"
      }
    },
    "@aws-cdk/aws-servicediscovery": {
      "version": "1.118.0",
      "resolved": "https://registry.npmjs.org/@aws-cdk/aws-servicediscovery/-/aws-servicediscovery-1.118.0.tgz",
      "integrity": "sha512-QyfLpChvpUntG10CU78o02l0awZSIvt8eU5cFNXqbkUQNCMu7oEBGfEM9R7qRHREOzbvcf5pVk8p5id/kaXq2g==",
      "requires": {
        "@aws-cdk/aws-ec2": "1.118.0",
        "@aws-cdk/aws-elasticloadbalancingv2": "1.118.0",
        "@aws-cdk/aws-route53": "1.118.0",
        "@aws-cdk/core": "1.118.0",
        "constructs": "^3.3.69"
      }
    },
    "@aws-cdk/aws-signer": {
      "version": "1.118.0",
      "resolved": "https://registry.npmjs.org/@aws-cdk/aws-signer/-/aws-signer-1.118.0.tgz",
      "integrity": "sha512-0rZTTRbNzpBBhb8xTQeHXQgRGhcJeYCvUsxb2rOElRW0mlCD0//QdtG5QhMi+3BrYe5Lu6BAPZBgBh+Sd1o6Bw==",
      "requires": {
        "@aws-cdk/core": "1.118.0",
        "constructs": "^3.3.69"
      }
    },
    "@aws-cdk/aws-sns": {
      "version": "1.118.0",
      "resolved": "https://registry.npmjs.org/@aws-cdk/aws-sns/-/aws-sns-1.118.0.tgz",
      "integrity": "sha512-wKSgTqMltWJo7DSsDIiCAvNyOLN28vn/BqG6e+mFcHGZapduUb1pjqvMwH9LOs+Lj9NcWsRSn+bjYEV1+cN3Zg==",
      "requires": {
        "@aws-cdk/aws-cloudwatch": "1.118.0",
        "@aws-cdk/aws-codestarnotifications": "1.118.0",
        "@aws-cdk/aws-events": "1.118.0",
        "@aws-cdk/aws-iam": "1.118.0",
        "@aws-cdk/aws-kms": "1.118.0",
        "@aws-cdk/aws-sqs": "1.118.0",
        "@aws-cdk/core": "1.118.0",
        "constructs": "^3.3.69"
      }
    },
    "@aws-cdk/aws-sns-subscriptions": {
      "version": "1.118.0",
      "resolved": "https://registry.npmjs.org/@aws-cdk/aws-sns-subscriptions/-/aws-sns-subscriptions-1.118.0.tgz",
      "integrity": "sha512-wQQbPu9cMPl4LjZcA9Y4/w8fruAP6AVssSRjP5QT6HS0HHM6GiebfBpEDbLMEfz2h1vxzQiLJXdOOIGlX4rkFA==",
      "requires": {
        "@aws-cdk/aws-iam": "1.118.0",
        "@aws-cdk/aws-kms": "1.118.0",
        "@aws-cdk/aws-lambda": "1.118.0",
        "@aws-cdk/aws-sns": "1.118.0",
        "@aws-cdk/aws-sqs": "1.118.0",
        "@aws-cdk/core": "1.118.0",
        "constructs": "^3.3.69"
      }
    },
    "@aws-cdk/aws-sqs": {
      "version": "1.118.0",
      "resolved": "https://registry.npmjs.org/@aws-cdk/aws-sqs/-/aws-sqs-1.118.0.tgz",
      "integrity": "sha512-4QPA/kNS73L5si3t3P42V7ctDp1fOzKPluF8MSD9Bgvkb2k5HBTpW/KjTONNrJaMSBUE01uZ+cPkIwgnNSf2dA==",
      "requires": {
        "@aws-cdk/aws-cloudwatch": "1.118.0",
        "@aws-cdk/aws-iam": "1.118.0",
        "@aws-cdk/aws-kms": "1.118.0",
        "@aws-cdk/core": "1.118.0",
        "constructs": "^3.3.69"
      }
    },
    "@aws-cdk/aws-ssm": {
      "version": "1.118.0",
      "resolved": "https://registry.npmjs.org/@aws-cdk/aws-ssm/-/aws-ssm-1.118.0.tgz",
      "integrity": "sha512-AUoCWjvCrWpF0K4pE2JHmb/ktr6W3u01OcGs8N5gPBlhXU8kBci4GJ0jH6T3TQ8RMZzNoNEJmrM/sw1jY7h1Cw==",
      "requires": {
        "@aws-cdk/aws-iam": "1.118.0",
        "@aws-cdk/aws-kms": "1.118.0",
        "@aws-cdk/cloud-assembly-schema": "1.118.0",
        "@aws-cdk/core": "1.118.0",
        "constructs": "^3.3.69"
      }
    },
    "@aws-cdk/aws-stepfunctions": {
      "version": "1.118.0",
      "resolved": "https://registry.npmjs.org/@aws-cdk/aws-stepfunctions/-/aws-stepfunctions-1.118.0.tgz",
      "integrity": "sha512-sPkT7BH40RNEdcJG8C1cByHUbVLh+VAIgSod5ISrboE5BjDRyi/FP06vuAiKmawa9FT8JM5yuOln/IR9ywyUoA==",
      "requires": {
        "@aws-cdk/aws-cloudwatch": "1.118.0",
        "@aws-cdk/aws-events": "1.118.0",
        "@aws-cdk/aws-iam": "1.118.0",
        "@aws-cdk/aws-logs": "1.118.0",
        "@aws-cdk/aws-s3": "1.118.0",
        "@aws-cdk/core": "1.118.0",
        "constructs": "^3.3.69"
      }
    },
    "@aws-cdk/cfnspec": {
      "version": "1.118.0",
      "resolved": "https://registry.npmjs.org/@aws-cdk/cfnspec/-/cfnspec-1.118.0.tgz",
      "integrity": "sha512-RdeCtbltfG8hBRCo/lQmsfHEdBbt7gZ9rJaGvaNDr6cu/ATSYGBKLLD0W2If67lji4zAujD/qYP5//tx+fQ/7w==",
      "dev": true,
      "requires": {
        "md5": "^2.3.0"
      }
    },
    "@aws-cdk/cloud-assembly-schema": {
      "version": "1.118.0",
      "resolved": "https://registry.npmjs.org/@aws-cdk/cloud-assembly-schema/-/cloud-assembly-schema-1.118.0.tgz",
      "integrity": "sha512-Bmxftbl/SScafJJio2+hQiNdPqvydouzqGtW9xdtL0/T8m5pi7nmV4PG+wCafPGEJA66A56b5CGk/svL/CSj4g==",
      "requires": {
        "jsonschema": "^1.4.0",
        "semver": "^7.3.5"
      },
      "dependencies": {
        "jsonschema": {
          "version": "1.4.0",
          "bundled": true
        },
        "lru-cache": {
          "version": "6.0.0",
          "bundled": true,
          "requires": {
            "yallist": "^4.0.0"
          }
        },
        "semver": {
          "version": "7.3.5",
          "bundled": true,
          "requires": {
            "lru-cache": "^6.0.0"
          }
        },
        "yallist": {
          "version": "4.0.0",
          "bundled": true
        }
      }
    },
    "@aws-cdk/cloudformation-diff": {
      "version": "1.118.0",
      "resolved": "https://registry.npmjs.org/@aws-cdk/cloudformation-diff/-/cloudformation-diff-1.118.0.tgz",
      "integrity": "sha512-7mO9ktn4bdFPdSTkz4/bXifbBz/tGbnK2aqD7cCaBTqzzxJ8X4pbwRtSmgv95a/4uorVuGA32whPaKIoyDQkYw==",
      "dev": true,
      "requires": {
        "@aws-cdk/cfnspec": "1.118.0",
        "@types/node": "^10.17.60",
        "colors": "^1.4.0",
        "diff": "^5.0.0",
        "fast-deep-equal": "^3.1.3",
        "string-width": "^4.2.2",
        "table": "^6.7.1"
      },
      "dependencies": {
        "@types/node": {
          "version": "10.17.60",
          "resolved": "https://registry.npmjs.org/@types/node/-/node-10.17.60.tgz",
          "integrity": "sha512-F0KIgDJfy2nA3zMLmWGKxcH2ZVEtCZXHHdOQs2gSaQ27+lNeEfGxzkIw90aXswATX7AZ33tahPbzy6KAfUreVw==",
          "dev": true
        }
      }
    },
    "@aws-cdk/core": {
      "version": "1.118.0",
      "resolved": "https://registry.npmjs.org/@aws-cdk/core/-/core-1.118.0.tgz",
      "integrity": "sha512-AYUMUn2S05YrbpBkd7YfwzAT0zCAUdLFq1KUpg9y/pWpqGX883/JSQmT6ygoXxE5gVCaziUxpFxToFWE96SE/g==",
      "requires": {
        "@aws-cdk/cloud-assembly-schema": "1.118.0",
        "@aws-cdk/cx-api": "1.118.0",
        "@aws-cdk/region-info": "1.118.0",
        "@balena/dockerignore": "^1.0.2",
        "constructs": "^3.3.69",
        "fs-extra": "^9.1.0",
        "ignore": "^5.1.8",
        "minimatch": "^3.0.4"
      },
      "dependencies": {
        "@balena/dockerignore": {
          "version": "1.0.2",
          "bundled": true
        },
        "at-least-node": {
          "version": "1.0.0",
          "bundled": true
        },
        "balanced-match": {
          "version": "1.0.2",
          "bundled": true
        },
        "brace-expansion": {
          "version": "1.1.11",
          "bundled": true,
          "requires": {
            "balanced-match": "^1.0.0",
            "concat-map": "0.0.1"
          }
        },
        "concat-map": {
          "version": "0.0.1",
          "bundled": true
        },
        "fs-extra": {
          "version": "9.1.0",
          "bundled": true,
          "requires": {
            "at-least-node": "^1.0.0",
            "graceful-fs": "^4.2.0",
            "jsonfile": "^6.0.1",
            "universalify": "^2.0.0"
          }
        },
        "graceful-fs": {
          "version": "4.2.6",
          "bundled": true
        },
        "ignore": {
          "version": "5.1.8",
          "bundled": true
        },
        "jsonfile": {
          "version": "6.1.0",
          "bundled": true,
          "requires": {
            "graceful-fs": "^4.1.6",
            "universalify": "^2.0.0"
          }
        },
        "minimatch": {
          "version": "3.0.4",
          "bundled": true,
          "requires": {
            "brace-expansion": "^1.1.7"
          }
        },
        "universalify": {
          "version": "2.0.0",
          "bundled": true
        }
      }
    },
    "@aws-cdk/custom-resources": {
      "version": "1.118.0",
      "resolved": "https://registry.npmjs.org/@aws-cdk/custom-resources/-/custom-resources-1.118.0.tgz",
      "integrity": "sha512-0IHQjarO51++d/V/9nBxo3AV+wCeUmL669RPMwScSm92vymtBoNa3SZ/YbAGqOnWkdzpeZsAD+zWU8ShcMxl/g==",
      "requires": {
        "@aws-cdk/aws-cloudformation": "1.118.0",
        "@aws-cdk/aws-ec2": "1.118.0",
        "@aws-cdk/aws-iam": "1.118.0",
        "@aws-cdk/aws-lambda": "1.118.0",
        "@aws-cdk/aws-logs": "1.118.0",
        "@aws-cdk/aws-sns": "1.118.0",
        "@aws-cdk/core": "1.118.0",
        "constructs": "^3.3.69"
      }
    },
    "@aws-cdk/cx-api": {
      "version": "1.118.0",
      "resolved": "https://registry.npmjs.org/@aws-cdk/cx-api/-/cx-api-1.118.0.tgz",
      "integrity": "sha512-pNeuxHPmJjUvLIr89J4uMt8c2JkiuclgZ1JBilot+dFD8GAb0RhxhtfSnA3scOB/Lnnd0Qf4UQhKsd5vqEdqAA==",
      "requires": {
        "@aws-cdk/cloud-assembly-schema": "1.118.0",
        "semver": "^7.3.5"
      },
      "dependencies": {
        "lru-cache": {
          "version": "6.0.0",
          "bundled": true,
          "requires": {
            "yallist": "^4.0.0"
          }
        },
        "semver": {
          "version": "7.3.5",
          "bundled": true,
          "requires": {
            "lru-cache": "^6.0.0"
          }
        },
        "yallist": {
          "version": "4.0.0",
          "bundled": true
        }
      }
    },
    "@aws-cdk/region-info": {
      "version": "1.118.0",
      "resolved": "https://registry.npmjs.org/@aws-cdk/region-info/-/region-info-1.118.0.tgz",
      "integrity": "sha512-7hudA/zfCsDw0DIDu/Cc4+UJjW6aC0y4Mp7AmxlxkziXIEZi3KvSXwR2IBmKV+pSWMvMZYTiPJIgLLqB+moFgQ=="
    },
    "ajv": {
      "version": "8.6.2",
      "resolved": "https://registry.npmjs.org/ajv/-/ajv-8.6.2.tgz",
      "integrity": "sha512-9807RlWAgT564wT+DjeyU5OFMPjmzxVobvDFmNAhY+5zD6A2ly3jDp6sgnfyDtlIQ+7H97oc/DGCzzfu9rjw9w==",
      "dev": true,
      "requires": {
        "fast-deep-equal": "^3.1.1",
        "json-schema-traverse": "^1.0.0",
        "require-from-string": "^2.0.2",
        "uri-js": "^4.2.2"
      }
    },
    "ansi-regex": {
      "version": "5.0.0",
      "resolved": "https://registry.npmjs.org/ansi-regex/-/ansi-regex-5.0.0.tgz",
      "integrity": "sha512-bY6fj56OUQ0hU1KjFNDQuJFezqKdrAyFdIevADiqrWHwSlbmBNMHp5ak2f40Pm8JTFyM2mqxkG6ngkHO11f/lg==",
      "dev": true
    },
    "ansi-styles": {
      "version": "4.3.0",
      "resolved": "https://registry.npmjs.org/ansi-styles/-/ansi-styles-4.3.0.tgz",
      "integrity": "sha512-zbB9rCJAT1rbjiVDb2hqKFHNYLxgtk8NURxZ3IZwD3F6NtxbXZQCnnSi1Lkx+IDohdPlFp222wVALIheZJQSEg==",
      "dev": true,
      "requires": {
        "color-convert": "^2.0.1"
      }
    },
    "astral-regex": {
      "version": "2.0.0",
      "resolved": "https://registry.npmjs.org/astral-regex/-/astral-regex-2.0.0.tgz",
      "integrity": "sha512-Z7tMw1ytTXt5jqMcOP+OQteU1VuNK9Y02uuJtKQ1Sv69jXQKKg5cibLwGJow8yzZP+eAc18EmLGPal0bp36rvQ==",
      "dev": true
    },
    "buffer-from": {
      "version": "1.1.2",
      "resolved": "https://registry.npmjs.org/buffer-from/-/buffer-from-1.1.2.tgz",
      "integrity": "sha512-E+XQCRwSbaaiChtv6k6Dwgc+bx+Bs6vuKJHHl5kox/BaKbhiXzqQOwK4cO22yElGp2OCmjwVhT3HmxgyPGnJfQ=="
    },
    "charenc": {
      "version": "0.0.2",
      "resolved": "https://registry.npmjs.org/charenc/-/charenc-0.0.2.tgz",
      "integrity": "sha1-wKHS86cJLgN3S/qD8UwPxXkKhmc=",
      "dev": true
    },
    "color-convert": {
      "version": "2.0.1",
      "resolved": "https://registry.npmjs.org/color-convert/-/color-convert-2.0.1.tgz",
      "integrity": "sha512-RRECPsj7iu/xb5oKYcsFHSppFNnsj/52OVTRKb4zP5onXwVF3zVmmToNcOfGC+CRDpfK/U584fMg38ZHCaElKQ==",
      "dev": true,
      "requires": {
        "color-name": "~1.1.4"
      }
    },
    "color-name": {
      "version": "1.1.4",
      "resolved": "https://registry.npmjs.org/color-name/-/color-name-1.1.4.tgz",
      "integrity": "sha512-dOy+3AuW3a2wNbZHIuMZpTcgjGuLU/uBL/ubcZF9OXbDo8ff4O8yVp5Bf0efS8uEoYo5q4Fx7dY9OgQGXgAsQA==",
      "dev": true
    },
    "colors": {
      "version": "1.4.0",
      "resolved": "https://registry.npmjs.org/colors/-/colors-1.4.0.tgz",
      "integrity": "sha512-a+UqTh4kgZg/SlGvfbzDHpgRu7AAQOmmqRHJnxhRZICKFUT91brVhNNt58CMWU9PsBbv3PDCZUHbVxuDiH2mtA==",
      "dev": true
    },
    "constructs": {
      "version": "3.3.119",
      "resolved": "https://registry.npmjs.org/constructs/-/constructs-3.3.119.tgz",
      "integrity": "sha512-eGzrRRPSFPAoe1x85p4+3u5cUbw/sYrvMYmlAl+SObQ43mSCk09qEnzg23oBDE9vBNrR/P1Pp/MHqQsx6JlEfw=="
    },
    "crypt": {
      "version": "0.0.2",
      "resolved": "https://registry.npmjs.org/crypt/-/crypt-0.0.2.tgz",
      "integrity": "sha1-iNf/fsDfuG9xPch7u0LQRNPmxBs=",
      "dev": true
    },
    "diff": {
      "version": "5.0.0",
      "resolved": "https://registry.npmjs.org/diff/-/diff-5.0.0.tgz",
      "integrity": "sha512-/VTCrvm5Z0JGty/BWHljh+BAiw3IK+2j87NGMu8Nwc/f48WoDAC395uomO9ZD117ZOBaHmkX1oyLvkVM/aIT3w==",
      "dev": true
    },
    "emoji-regex": {
      "version": "8.0.0",
      "resolved": "https://registry.npmjs.org/emoji-regex/-/emoji-regex-8.0.0.tgz",
      "integrity": "sha512-MSjYzcWNOA0ewAHpz0MxpYFvwg6yjy1NG3xteoqz644VCo/RPgnr1/GGt+ic3iJTzQ8Eu3TdM14SawnVUmGE6A==",
      "dev": true
    },
    "fast-deep-equal": {
      "version": "3.1.3",
      "resolved": "https://registry.npmjs.org/fast-deep-equal/-/fast-deep-equal-3.1.3.tgz",
      "integrity": "sha512-f3qQ9oQy9j2AhBe/H9VC91wLmKBCCU/gDOnKNAYG5hswO7BLKj09Hc5HYNz9cGI++xlpDCIgDaitVs03ATR84Q==",
      "dev": true
    },
    "is-buffer": {
      "version": "1.1.6",
      "resolved": "https://registry.npmjs.org/is-buffer/-/is-buffer-1.1.6.tgz",
      "integrity": "sha512-NcdALwpXkTm5Zvvbk7owOUSvVvBKDgKP5/ewfXEznmQFfs4ZRmanOeKBTjRVjka3QFoN6XJ+9F3USqfHqTaU5w==",
      "dev": true
    },
    "is-fullwidth-code-point": {
      "version": "3.0.0",
      "resolved": "https://registry.npmjs.org/is-fullwidth-code-point/-/is-fullwidth-code-point-3.0.0.tgz",
      "integrity": "sha512-zymm5+u+sCsSWyD9qNaejV3DFvhCKclKdizYaJUuHA83RLjb7nSuGnddCHGv0hk+KY7BMAlsWeK4Ueg6EV6XQg==",
      "dev": true
    },
    "json-schema-traverse": {
      "version": "1.0.0",
      "resolved": "https://registry.npmjs.org/json-schema-traverse/-/json-schema-traverse-1.0.0.tgz",
      "integrity": "sha512-NM8/P9n3XjXhIZn1lLhkFaACTOURQXjWhV4BA/RnOv8xvgqtqpAX9IO4mRQxSx1Rlo4tqzeqb0sOlruaOy3dug==",
      "dev": true
    },
    "lodash.clonedeep": {
      "version": "4.5.0",
      "resolved": "https://registry.npmjs.org/lodash.clonedeep/-/lodash.clonedeep-4.5.0.tgz",
      "integrity": "sha1-4j8/nE+Pvd6HJSnBBxhXoIblzO8=",
      "dev": true
    },
    "lodash.truncate": {
      "version": "4.4.2",
      "resolved": "https://registry.npmjs.org/lodash.truncate/-/lodash.truncate-4.4.2.tgz",
      "integrity": "sha1-WjUNoLERO4N+z//VgSy+WNbq4ZM=",
      "dev": true
    },
    "md5": {
      "version": "2.3.0",
      "resolved": "https://registry.npmjs.org/md5/-/md5-2.3.0.tgz",
      "integrity": "sha512-T1GITYmFaKuO91vxyoQMFETst+O71VUPEU3ze5GNzDm0OWdP8v1ziTaAEPUr/3kLsY3Sftgz242A1SetQiDL7g==",
      "dev": true,
      "requires": {
        "charenc": "0.0.2",
        "crypt": "0.0.2",
        "is-buffer": "~1.1.6"
      }
    },
    "punycode": {
      "version": "2.1.1",
      "resolved": "https://registry.npmjs.org/punycode/-/punycode-2.1.1.tgz",
      "integrity": "sha512-XRsRjdf+j5ml+y/6GKHPZbrF/8p2Yga0JPtdqTIY2Xe5ohJPD9saDJJLPvp9+NSBprVvevdXZybnj2cv8OEd0A==",
      "dev": true
    },
    "require-from-string": {
      "version": "2.0.2",
      "resolved": "https://registry.npmjs.org/require-from-string/-/require-from-string-2.0.2.tgz",
      "integrity": "sha512-Xf0nWe6RseziFMu+Ap9biiUbmplq6S9/p+7w7YXP/JBHhrUDDUhwa+vANyubuqfZWTveU//DYVGsDG7RKL/vEw==",
      "dev": true
    },
    "slice-ansi": {
      "version": "4.0.0",
      "resolved": "https://registry.npmjs.org/slice-ansi/-/slice-ansi-4.0.0.tgz",
      "integrity": "sha512-qMCMfhY040cVHT43K9BFygqYbUPFZKHOg7K73mtTWJRb8pyP3fzf4Ixd5SzdEJQ6MRUg/WBnOLxghZtKKurENQ==",
      "dev": true,
      "requires": {
        "ansi-styles": "^4.0.0",
        "astral-regex": "^2.0.0",
        "is-fullwidth-code-point": "^3.0.0"
      }
    },
    "source-map": {
      "version": "0.6.1",
      "resolved": "https://registry.npmjs.org/source-map/-/source-map-0.6.1.tgz",
      "integrity": "sha512-UjgapumWlbMhkBgzT7Ykc5YXUT46F0iKu8SGXq0bcwP5dz/h0Plj6enJqjz1Zbq2l5WaqYnrVbwWOWMyF3F47g=="
    },
    "source-map-support": {
      "version": "0.5.19",
      "resolved": "https://registry.npmjs.org/source-map-support/-/source-map-support-0.5.19.tgz",
      "integrity": "sha512-Wonm7zOCIJzBGQdB+thsPar0kYuCIzYvxZwlBa87yi/Mdjv7Tip2cyVbLj5o0cFPN4EVkuTwb3GDDyUx2DGnGw==",
      "requires": {
        "buffer-from": "^1.0.0",
        "source-map": "^0.6.0"
      }
    },
    "string-width": {
      "version": "4.2.2",
      "resolved": "https://registry.npmjs.org/string-width/-/string-width-4.2.2.tgz",
      "integrity": "sha512-XBJbT3N4JhVumXE0eoLU9DCjcaF92KLNqTmFCnG1pf8duUxFGwtP6AD6nkjw9a3IdiRtL3E2w3JDiE/xi3vOeA==",
      "dev": true,
      "requires": {
        "emoji-regex": "^8.0.0",
        "is-fullwidth-code-point": "^3.0.0",
        "strip-ansi": "^6.0.0"
      }
    },
    "strip-ansi": {
      "version": "6.0.0",
      "resolved": "https://registry.npmjs.org/strip-ansi/-/strip-ansi-6.0.0.tgz",
      "integrity": "sha512-AuvKTrTfQNYNIctbR1K/YGTR1756GycPsg7b9bdV9Duqur4gv6aKqHXah67Z8ImS7WEz5QVcOtlfW2rZEugt6w==",
      "dev": true,
      "requires": {
        "ansi-regex": "^5.0.0"
      }
    },
    "table": {
      "version": "6.7.1",
      "resolved": "https://registry.npmjs.org/table/-/table-6.7.1.tgz",
      "integrity": "sha512-ZGum47Yi6KOOFDE8m223td53ath2enHcYLgOCjGr5ngu8bdIARQk6mN/wRMv4yMRcHnCSnHbCEha4sobQx5yWg==",
      "dev": true,
      "requires": {
        "ajv": "^8.0.1",
        "lodash.clonedeep": "^4.5.0",
        "lodash.truncate": "^4.4.2",
        "slice-ansi": "^4.0.0",
        "string-width": "^4.2.0",
        "strip-ansi": "^6.0.0"
      }
    },
    "typescript": {
      "version": "3.9.10",
      "resolved": "https://registry.npmjs.org/typescript/-/typescript-3.9.10.tgz",
      "integrity": "sha512-w6fIxVE/H1PkLKcCPsFqKE7Kv7QUwhU8qQY2MueZXWx5cPZdwFupLgKK3vntcK98BtNHZtAF4LA/yl2a7k8R6Q==",
      "dev": true
    },
    "uri-js": {
      "version": "4.4.1",
      "resolved": "https://registry.npmjs.org/uri-js/-/uri-js-4.4.1.tgz",
      "integrity": "sha512-7rKUyy33Q1yc98pQ1DAmLtwX109F7TIfWlW1Ydo8Wl1ii1SeHieeh0HHfPeL2fMXK6z0s8ecKs9frCuLJvndBg==",
      "dev": true,
      "requires": {
        "punycode": "^2.1.0"
      }
    }
  }
}
